
Microsoft Visual Studio Solution File, Format Version 12.00
# Visual Studio Version 16
VisualStudioVersion = 16.0.31727.386
MinimumVisualStudioVersion = 10.0.40219.1
Project("{8BC9CEB8-8B4A-11D0-8D11-00A0C91BC942}") = "ApcDllInjection", "ApcDllInjection.vcxproj", "{241B4EF3-8B93-4C71-8044-EFDFA4B08AEC}"
EndProject
Global
	GlobalSection(SolutionConfigurationPlatforms) = preSolution
		Debug|x64 = Debug|x64
		Debug|x86 = Debug|x86
		Release|x64 = Release|x64
		Release|x86 = Release|x86
	EndGlobalSection
	GlobalSection(ProjectConfigurationPlatforms) = postSolution
		{241B4EF3-8B93-4C71-8044-EFDFA4B08AEC}.Debug|x64.ActiveCfg = Debug|x64
		{241B4EF3-8B93-4C71-8044-EFDFA4B08AEC}.Debug|x64.Build.0 = Debug|x64
		{241B4EF3-8B93-4C71-8044-EFDFA4B08AEC}.Debug|x86.ActiveCfg = Debug|Win32
		{241B4EF3-8B93-4C71-8044-EFDFA4B08AEC}.Debug|x86.Build.0 = Debug|Win32
		{241B4EF3-8B93-4C71-8044-EFDFA4B08AEC}.Release|x64.ActiveCfg = Release|x64
		{241B4EF3-8B93-4C71-8044-EFDFA4B08AEC}.Release|x64.Build.0 = Release|x64
		{241B4EF3-8B93-4C71-8044-EFDFA4B08AEC}.Release|x86.ActiveCfg = Release|Win32
		{241B4EF3-8B93-4C71-8044-EFDFA4B08AEC}.Release|x86.Build.0 = Release|Win32
	EndGlobalSection
	GlobalSection(SolutionProperties) = preSolution
		HideSolutionNode = FALSE
	EndGlobalSection
	GlobalSection(ExtensibilityGlobals) = postSolution
		SolutionGuid = {7C9342AD-CD4E-46C0-A1EC-CE1C1A75E60A}
	EndGlobalSection
EndGlobal
