
Microsoft Visual Studio Solution File, Format Version 12.00
# Visual Studio Version 16
VisualStudioVersion = 16.0.31727.386
MinimumVisualStudioVersion = 10.0.40219.1
Project("{8BC9CEB8-8B4A-11D0-8D11-00A0C91BC942}") = "NoDependencies", "NoDependencies.vcxproj", "{6328C6BC-2D11-40C2-803E-C8127CD5C7BE}"
EndProject
Project("{8BC9CEB8-8B4A-11D0-8D11-00A0C91BC942}") = "NoDependenciesAndUnload", "NoDependenciesAndUnload.vcxproj", "{032EE227-DED9-4845-AF6D-89DD87F87592}"
EndProject
Global
	GlobalSection(SolutionConfigurationPlatforms) = preSolution
		Debug|x64 = Debug|x64
		Debug|x86 = Debug|x86
		Release|x64 = Release|x64
		Release|x86 = Release|x86
	EndGlobalSection
	GlobalSection(ProjectConfigurationPlatforms) = postSolution
		{6328C6BC-2D11-40C2-803E-C8127CD5C7BE}.Debug|x64.ActiveCfg = Debug|x64
		{6328C6BC-2D11-40C2-803E-C8127CD5C7BE}.Debug|x64.Build.0 = Debug|x64
		{6328C6BC-2D11-40C2-803E-C8127CD5C7BE}.Debug|x86.ActiveCfg = Debug|Win32
		{6328C6BC-2D11-40C2-803E-C8127CD5C7BE}.Debug|x86.Build.0 = Debug|Win32
		{6328C6BC-2D11-40C2-803E-C8127CD5C7BE}.Release|x64.ActiveCfg = Release|x64
		{6328C6BC-2D11-40C2-803E-C8127CD5C7BE}.Release|x64.Build.0 = Release|x64
		{6328C6BC-2D11-40C2-803E-C8127CD5C7BE}.Release|x86.ActiveCfg = Release|Win32
		{6328C6BC-2D11-40C2-803E-C8127CD5C7BE}.Release|x86.Build.0 = Release|Win32
		{032EE227-DED9-4845-AF6D-89DD87F87592}.Debug|x64.ActiveCfg = Debug|x64
		{032EE227-DED9-4845-AF6D-89DD87F87592}.Debug|x64.Build.0 = Debug|x64
		{032EE227-DED9-4845-AF6D-89DD87F87592}.Debug|x86.ActiveCfg = Debug|Win32
		{032EE227-DED9-4845-AF6D-89DD87F87592}.Debug|x86.Build.0 = Debug|Win32
		{032EE227-DED9-4845-AF6D-89DD87F87592}.Release|x64.ActiveCfg = Release|x64
		{032EE227-DED9-4845-AF6D-89DD87F87592}.Release|x64.Build.0 = Release|x64
		{032EE227-DED9-4845-AF6D-89DD87F87592}.Release|x86.ActiveCfg = Release|Win32
		{032EE227-DED9-4845-AF6D-89DD87F87592}.Release|x86.Build.0 = Release|Win32
	EndGlobalSection
	GlobalSection(SolutionProperties) = preSolution
		HideSolutionNode = FALSE
	EndGlobalSection
	GlobalSection(ExtensibilityGlobals) = postSolution
		SolutionGuid = {298739AD-794D-495C-997D-620CB932FA65}
	EndGlobalSection
EndGlobal
