
Microsoft Visual Studio Solution File, Format Version 12.00
# Visual Studio Version 17
VisualStudioVersion = 17.2.32526.322
MinimumVisualStudioVersion = 10.0.40219.1
Project("{8BC9CEB8-8B4A-11D0-8D11-00A0C91BC942}") = "SimplestDllInjection", "1.SimplestDllInjection\SimplestDllInjection.vcxproj", "{D49DC4A9-1AEA-4948-A02F-84B8100088DC}"
EndProject
Project("{8BC9CEB8-8B4A-11D0-8D11-00A0C91BC942}") = "ImprovedDllInjection", "2.ImprovedDllInjection\ImprovedDllInjection.vcxproj", "{6B4E81F6-E375-4483-9783-B215B054A5DC}"
EndProject
Project("{8BC9CEB8-8B4A-11D0-8D11-00A0C91BC942}") = "ApcDllInjection", "3.ApcDllInjection\ApcDllInjection.vcxproj", "{241B4EF3-8B93-4C71-8044-EFDFA4B08AEC}"
EndProject
Project("{8BC9CEB8-8B4A-11D0-8D11-00A0C91BC942}") = "ManualDllMapping", "4.ManualDllMapping\ManualDllMapping.vcxproj", "{81961944-A81F-4B63-B2C0-B917AA7F70D5}"
EndProject
Project("{8BC9CEB8-8B4A-11D0-8D11-00A0C91BC942}") = "CreateProcess", "SampleDlls\1.CreateProcess\CreateProcess.vcxproj", "{ED949075-8195-4EF7-9B4A-5D013626359E}"
EndProject
Project("{8BC9CEB8-8B4A-11D0-8D11-00A0C91BC942}") = "CreateProcessAndUnload", "SampleDlls\1.CreateProcess\CreateProcessAndUnload.vcxproj", "{0674EA7A-1C52-4F66-BA8A-5CACB4378CBD}"
EndProject
Project("{8BC9CEB8-8B4A-11D0-8D11-00A0C91BC942}") = "RtlCreateUserProcess", "SampleDlls\2.RtlCreateUserProcess\RtlCreateUserProcess.vcxproj", "{8F68D116-6453-41D1-A77A-E8178937348D}"
EndProject
Project("{8BC9CEB8-8B4A-11D0-8D11-00A0C91BC942}") = "RtlCreateUserProcessAndUnload", "SampleDlls\2.RtlCreateUserProcess\RtlCreateUserProcessAndUnload.vcxproj", "{6929CB72-F635-42A1-AE54-7E1710FF877A}"
EndProject
Project("{8BC9CEB8-8B4A-11D0-8D11-00A0C91BC942}") = "NoDependencies", "SampleDlls\3.NoDependencies\NoDependencies.vcxproj", "{6328C6BC-2D11-40C2-803E-C8127CD5C7BE}"
EndProject
Project("{8BC9CEB8-8B4A-11D0-8D11-00A0C91BC942}") = "NoDependenciesAndUnload", "SampleDlls\3.NoDependencies\NoDependenciesAndUnload.vcxproj", "{032EE227-DED9-4845-AF6D-89DD87F87592}"
EndProject
Project("{2150E333-8FDC-42A3-9474-1A3956D46DE8}") = "Sample DLLs", "Sample DLLs", "{513BB5DF-DD7E-4A50-8141-9786CDF3E633}"
EndProject
Global
	GlobalSection(SolutionConfigurationPlatforms) = preSolution
		Debug|x64 = Debug|x64
		Debug|x86 = Debug|x86
		Release|x64 = Release|x64
		Release|x86 = Release|x86
	EndGlobalSection
	GlobalSection(ProjectConfigurationPlatforms) = postSolution
		{D49DC4A9-1AEA-4948-A02F-84B8100088DC}.Debug|x64.ActiveCfg = Debug|x64
		{D49DC4A9-1AEA-4948-A02F-84B8100088DC}.Debug|x64.Build.0 = Debug|x64
		{D49DC4A9-1AEA-4948-A02F-84B8100088DC}.Debug|x86.ActiveCfg = Debug|Win32
		{D49DC4A9-1AEA-4948-A02F-84B8100088DC}.Debug|x86.Build.0 = Debug|Win32
		{D49DC4A9-1AEA-4948-A02F-84B8100088DC}.Release|x64.ActiveCfg = Release|x64
		{D49DC4A9-1AEA-4948-A02F-84B8100088DC}.Release|x64.Build.0 = Release|x64
		{D49DC4A9-1AEA-4948-A02F-84B8100088DC}.Release|x86.ActiveCfg = Release|Win32
		{D49DC4A9-1AEA-4948-A02F-84B8100088DC}.Release|x86.Build.0 = Release|Win32
		{6B4E81F6-E375-4483-9783-B215B054A5DC}.Debug|x64.ActiveCfg = Debug|x64
		{6B4E81F6-E375-4483-9783-B215B054A5DC}.Debug|x64.Build.0 = Debug|x64
		{6B4E81F6-E375-4483-9783-B215B054A5DC}.Debug|x86.ActiveCfg = Debug|Win32
		{6B4E81F6-E375-4483-9783-B215B054A5DC}.Debug|x86.Build.0 = Debug|Win32
		{6B4E81F6-E375-4483-9783-B215B054A5DC}.Release|x64.ActiveCfg = Release|x64
		{6B4E81F6-E375-4483-9783-B215B054A5DC}.Release|x64.Build.0 = Release|x64
		{6B4E81F6-E375-4483-9783-B215B054A5DC}.Release|x86.ActiveCfg = Release|Win32
		{6B4E81F6-E375-4483-9783-B215B054A5DC}.Release|x86.Build.0 = Release|Win32
		{241B4EF3-8B93-4C71-8044-EFDFA4B08AEC}.Debug|x64.ActiveCfg = Debug|x64
		{241B4EF3-8B93-4C71-8044-EFDFA4B08AEC}.Debug|x64.Build.0 = Debug|x64
		{241B4EF3-8B93-4C71-8044-EFDFA4B08AEC}.Debug|x86.ActiveCfg = Debug|Win32
		{241B4EF3-8B93-4C71-8044-EFDFA4B08AEC}.Debug|x86.Build.0 = Debug|Win32
		{241B4EF3-8B93-4C71-8044-EFDFA4B08AEC}.Release|x64.ActiveCfg = Release|x64
		{241B4EF3-8B93-4C71-8044-EFDFA4B08AEC}.Release|x64.Build.0 = Release|x64
		{241B4EF3-8B93-4C71-8044-EFDFA4B08AEC}.Release|x86.ActiveCfg = Release|Win32
		{241B4EF3-8B93-4C71-8044-EFDFA4B08AEC}.Release|x86.Build.0 = Release|Win32
		{81961944-A81F-4B63-B2C0-B917AA7F70D5}.Debug|x64.ActiveCfg = Debug|x64
		{81961944-A81F-4B63-B2C0-B917AA7F70D5}.Debug|x64.Build.0 = Debug|x64
		{81961944-A81F-4B63-B2C0-B917AA7F70D5}.Debug|x86.ActiveCfg = Debug|Win32
		{81961944-A81F-4B63-B2C0-B917AA7F70D5}.Debug|x86.Build.0 = Debug|Win32
		{81961944-A81F-4B63-B2C0-B917AA7F70D5}.Release|x64.ActiveCfg = Release|x64
		{81961944-A81F-4B63-B2C0-B917AA7F70D5}.Release|x64.Build.0 = Release|x64
		{81961944-A81F-4B63-B2C0-B917AA7F70D5}.Release|x86.ActiveCfg = Release|Win32
		{81961944-A81F-4B63-B2C0-B917AA7F70D5}.Release|x86.Build.0 = Release|Win32
		{ED949075-8195-4EF7-9B4A-5D013626359E}.Debug|x64.ActiveCfg = Debug|x64
		{ED949075-8195-4EF7-9B4A-5D013626359E}.Debug|x64.Build.0 = Debug|x64
		{ED949075-8195-4EF7-9B4A-5D013626359E}.Debug|x86.ActiveCfg = Debug|Win32
		{ED949075-8195-4EF7-9B4A-5D013626359E}.Debug|x86.Build.0 = Debug|Win32
		{ED949075-8195-4EF7-9B4A-5D013626359E}.Release|x64.ActiveCfg = Release|x64
		{ED949075-8195-4EF7-9B4A-5D013626359E}.Release|x64.Build.0 = Release|x64
		{ED949075-8195-4EF7-9B4A-5D013626359E}.Release|x86.ActiveCfg = Release|Win32
		{ED949075-8195-4EF7-9B4A-5D013626359E}.Release|x86.Build.0 = Release|Win32
		{0674EA7A-1C52-4F66-BA8A-5CACB4378CBD}.Debug|x64.ActiveCfg = Debug|x64
		{0674EA7A-1C52-4F66-BA8A-5CACB4378CBD}.Debug|x64.Build.0 = Debug|x64
		{0674EA7A-1C52-4F66-BA8A-5CACB4378CBD}.Debug|x86.ActiveCfg = Debug|Win32
		{0674EA7A-1C52-4F66-BA8A-5CACB4378CBD}.Debug|x86.Build.0 = Debug|Win32
		{0674EA7A-1C52-4F66-BA8A-5CACB4378CBD}.Release|x64.ActiveCfg = Release|x64
		{0674EA7A-1C52-4F66-BA8A-5CACB4378CBD}.Release|x64.Build.0 = Release|x64
		{0674EA7A-1C52-4F66-BA8A-5CACB4378CBD}.Release|x86.ActiveCfg = Release|Win32
		{0674EA7A-1C52-4F66-BA8A-5CACB4378CBD}.Release|x86.Build.0 = Release|Win32
		{8F68D116-6453-41D1-A77A-E8178937348D}.Debug|x64.ActiveCfg = Debug|x64
		{8F68D116-6453-41D1-A77A-E8178937348D}.Debug|x64.Build.0 = Debug|x64
		{8F68D116-6453-41D1-A77A-E8178937348D}.Debug|x86.ActiveCfg = Debug|Win32
		{8F68D116-6453-41D1-A77A-E8178937348D}.Debug|x86.Build.0 = Debug|Win32
		{8F68D116-6453-41D1-A77A-E8178937348D}.Release|x64.ActiveCfg = Release|x64
		{8F68D116-6453-41D1-A77A-E8178937348D}.Release|x64.Build.0 = Release|x64
		{8F68D116-6453-41D1-A77A-E8178937348D}.Release|x86.ActiveCfg = Release|Win32
		{8F68D116-6453-41D1-A77A-E8178937348D}.Release|x86.Build.0 = Release|Win32
		{6929CB72-F635-42A1-AE54-7E1710FF877A}.Debug|x64.ActiveCfg = Debug|x64
		{6929CB72-F635-42A1-AE54-7E1710FF877A}.Debug|x64.Build.0 = Debug|x64
		{6929CB72-F635-42A1-AE54-7E1710FF877A}.Debug|x86.ActiveCfg = Debug|Win32
		{6929CB72-F635-42A1-AE54-7E1710FF877A}.Debug|x86.Build.0 = Debug|Win32
		{6929CB72-F635-42A1-AE54-7E1710FF877A}.Release|x64.ActiveCfg = Release|x64
		{6929CB72-F635-42A1-AE54-7E1710FF877A}.Release|x64.Build.0 = Release|x64
		{6929CB72-F635-42A1-AE54-7E1710FF877A}.Release|x86.ActiveCfg = Release|Win32
		{6929CB72-F635-42A1-AE54-7E1710FF877A}.Release|x86.Build.0 = Release|Win32
		{6328C6BC-2D11-40C2-803E-C8127CD5C7BE}.Debug|x64.ActiveCfg = Debug|x64
		{6328C6BC-2D11-40C2-803E-C8127CD5C7BE}.Debug|x64.Build.0 = Debug|x64
		{6328C6BC-2D11-40C2-803E-C8127CD5C7BE}.Debug|x86.ActiveCfg = Debug|Win32
		{6328C6BC-2D11-40C2-803E-C8127CD5C7BE}.Debug|x86.Build.0 = Debug|Win32
		{6328C6BC-2D11-40C2-803E-C8127CD5C7BE}.Release|x64.ActiveCfg = Release|x64
		{6328C6BC-2D11-40C2-803E-C8127CD5C7BE}.Release|x64.Build.0 = Release|x64
		{6328C6BC-2D11-40C2-803E-C8127CD5C7BE}.Release|x86.ActiveCfg = Release|Win32
		{6328C6BC-2D11-40C2-803E-C8127CD5C7BE}.Release|x86.Build.0 = Release|Win32
		{032EE227-DED9-4845-AF6D-89DD87F87592}.Debug|x64.ActiveCfg = Debug|x64
		{032EE227-DED9-4845-AF6D-89DD87F87592}.Debug|x64.Build.0 = Debug|x64
		{032EE227-DED9-4845-AF6D-89DD87F87592}.Debug|x86.ActiveCfg = Debug|Win32
		{032EE227-DED9-4845-AF6D-89DD87F87592}.Debug|x86.Build.0 = Debug|Win32
		{032EE227-DED9-4845-AF6D-89DD87F87592}.Release|x64.ActiveCfg = Release|x64
		{032EE227-DED9-4845-AF6D-89DD87F87592}.Release|x64.Build.0 = Release|x64
		{032EE227-DED9-4845-AF6D-89DD87F87592}.Release|x86.ActiveCfg = Release|Win32
		{032EE227-DED9-4845-AF6D-89DD87F87592}.Release|x86.Build.0 = Release|Win32
	EndGlobalSection
	GlobalSection(SolutionProperties) = preSolution
		HideSolutionNode = FALSE
	EndGlobalSection
	GlobalSection(NestedProjects) = preSolution
		{ED949075-8195-4EF7-9B4A-5D013626359E} = {513BB5DF-DD7E-4A50-8141-9786CDF3E633}
		{0674EA7A-1C52-4F66-BA8A-5CACB4378CBD} = {513BB5DF-DD7E-4A50-8141-9786CDF3E633}
		{8F68D116-6453-41D1-A77A-E8178937348D} = {513BB5DF-DD7E-4A50-8141-9786CDF3E633}
		{6929CB72-F635-42A1-AE54-7E1710FF877A} = {513BB5DF-DD7E-4A50-8141-9786CDF3E633}
		{6328C6BC-2D11-40C2-803E-C8127CD5C7BE} = {513BB5DF-DD7E-4A50-8141-9786CDF3E633}
		{032EE227-DED9-4845-AF6D-89DD87F87592} = {513BB5DF-DD7E-4A50-8141-9786CDF3E633}
	EndGlobalSection
	GlobalSection(ExtensibilityGlobals) = postSolution
		SolutionGuid = {9F108269-B62E-4FF9-96AF-C615A44FB149}
	EndGlobalSection
EndGlobal
