
Microsoft Visual Studio Solution File, Format Version 12.00
# Visual Studio Version 16
VisualStudioVersion = 16.0.31727.386
MinimumVisualStudioVersion = 10.0.40219.1
Project("{8BC9CEB8-8B4A-11D0-8D11-00A0C91BC942}") = "CreateProcess", "CreateProcess.vcxproj", "{ED949075-8195-4EF7-9B4A-5D013626359E}"
EndProject
Project("{8BC9CEB8-8B4A-11D0-8D11-00A0C91BC942}") = "CreateProcessAndUnload", "CreateProcessAndUnload.vcxproj", "{0674EA7A-1C52-4F66-BA8A-5CACB4378CBD}"
EndProject
Global
	GlobalSection(SolutionConfigurationPlatforms) = preSolution
		Debug|x64 = Debug|x64
		Debug|x86 = Debug|x86
		Release|x64 = Release|x64
		Release|x86 = Release|x86
	EndGlobalSection
	GlobalSection(ProjectConfigurationPlatforms) = postSolution
		{ED949075-8195-4EF7-9B4A-5D013626359E}.Debug|x64.ActiveCfg = Debug|x64
		{ED949075-8195-4EF7-9B4A-5D013626359E}.Debug|x64.Build.0 = Debug|x64
		{ED949075-8195-4EF7-9B4A-5D013626359E}.Debug|x86.ActiveCfg = Debug|Win32
		{ED949075-8195-4EF7-9B4A-5D013626359E}.Debug|x86.Build.0 = Debug|Win32
		{ED949075-8195-4EF7-9B4A-5D013626359E}.Release|x64.ActiveCfg = Release|x64
		{ED949075-8195-4EF7-9B4A-5D013626359E}.Release|x64.Build.0 = Release|x64
		{ED949075-8195-4EF7-9B4A-5D013626359E}.Release|x86.ActiveCfg = Release|Win32
		{ED949075-8195-4EF7-9B4A-5D013626359E}.Release|x86.Build.0 = Release|Win32
		{0674EA7A-1C52-4F66-BA8A-5CACB4378CBD}.Debug|x64.ActiveCfg = Debug|x64
		{0674EA7A-1C52-4F66-BA8A-5CACB4378CBD}.Debug|x64.Build.0 = Debug|x64
		{0674EA7A-1C52-4F66-BA8A-5CACB4378CBD}.Debug|x86.ActiveCfg = Debug|Win32
		{0674EA7A-1C52-4F66-BA8A-5CACB4378CBD}.Debug|x86.Build.0 = Debug|Win32
		{0674EA7A-1C52-4F66-BA8A-5CACB4378CBD}.Release|x64.ActiveCfg = Release|x64
		{0674EA7A-1C52-4F66-BA8A-5CACB4378CBD}.Release|x64.Build.0 = Release|x64
		{0674EA7A-1C52-4F66-BA8A-5CACB4378CBD}.Release|x86.ActiveCfg = Release|Win32
		{0674EA7A-1C52-4F66-BA8A-5CACB4378CBD}.Release|x86.Build.0 = Release|Win32
	EndGlobalSection
	GlobalSection(SolutionProperties) = preSolution
		HideSolutionNode = FALSE
	EndGlobalSection
	GlobalSection(ExtensibilityGlobals) = postSolution
		SolutionGuid = {2BA10665-2819-4A55-92B6-62F7D695DEA3}
	EndGlobalSection
EndGlobal
