
Microsoft Visual Studio Solution File, Format Version 12.00
# Visual Studio Version 16
VisualStudioVersion = 16.0.31727.386
MinimumVisualStudioVersion = 10.0.40219.1
Project("{8BC9CEB8-8B4A-11D0-8D11-00A0C91BC942}") = "SimplestDllInjection", "SimplestDllInjection.vcxproj", "{D49DC4A9-1AEA-4948-A02F-84B8100088DC}"
EndProject
Global
	GlobalSection(SolutionConfigurationPlatforms) = preSolution
		Debug|x64 = Debug|x64
		Debug|x86 = Debug|x86
		Release|x64 = Release|x64
		Release|x86 = Release|x86
	EndGlobalSection
	GlobalSection(ProjectConfigurationPlatforms) = postSolution
		{D49DC4A9-1AEA-4948-A02F-84B8100088DC}.Debug|x64.ActiveCfg = Debug|x64
		{D49DC4A9-1AEA-4948-A02F-84B8100088DC}.Debug|x64.Build.0 = Debug|x64
		{D49DC4A9-1AEA-4948-A02F-84B8100088DC}.Debug|x86.ActiveCfg = Debug|Win32
		{D49DC4A9-1AEA-4948-A02F-84B8100088DC}.Debug|x86.Build.0 = Debug|Win32
		{D49DC4A9-1AEA-4948-A02F-84B8100088DC}.Release|x64.ActiveCfg = Release|x64
		{D49DC4A9-1AEA-4948-A02F-84B8100088DC}.Release|x64.Build.0 = Release|x64
		{D49DC4A9-1AEA-4948-A02F-84B8100088DC}.Release|x86.ActiveCfg = Release|Win32
		{D49DC4A9-1AEA-4948-A02F-84B8100088DC}.Release|x86.Build.0 = Release|Win32
	EndGlobalSection
	GlobalSection(SolutionProperties) = preSolution
		HideSolutionNode = FALSE
	EndGlobalSection
	GlobalSection(ExtensibilityGlobals) = postSolution
		SolutionGuid = {146F598C-EF18-44D3-BB6D-4441C89B7224}
	EndGlobalSection
EndGlobal
